
Microsoft Visual Studio Solution File, Format Version 12.00
# Visual Studio Version 16
VisualStudioVersion = 16.0.31321.278
MinimumVisualStudioVersion = 10.0.40219.1
Project("{FAE04EC0-301F-11D3-BF4B-00C04F79EFBC}") = "MvcMovie", "MvcMovie\MvcMovie.csproj", "{915784FB-44F5-496E-81F4-B7E013E11CBE}"
EndProject
Global
	GlobalSection(SolutionConfigurationPlatforms) = preSolution
		Debug|Any CPU = Debug|Any CPU
		Release|Any CPU = Release|Any CPU
	EndGlobalSection
	GlobalSection(ProjectConfigurationPlatforms) = postSolution
		{915784FB-44F5-496E-81F4-B7E013E11CBE}.Debug|Any CPU.ActiveCfg = Debug|Any CPU
		{915784FB-44F5-496E-81F4-B7E013E11CBE}.Debug|Any CPU.Build.0 = Debug|Any CPU
		{915784FB-44F5-496E-81F4-B7E013E11CBE}.Release|Any CPU.ActiveCfg = Release|Any CPU
		{915784FB-44F5-496E-81F4-B7E013E11CBE}.Release|Any CPU.Build.0 = Release|Any CPU
	EndGlobalSection
	GlobalSection(SolutionProperties) = preSolution
		HideSolutionNode = FALSE
	EndGlobalSection
	GlobalSection(ExtensibilityGlobals) = postSolution
		SolutionGuid = {32BCB174-01F0-48ED-B3C3-414A65E747B6}
	EndGlobalSection
EndGlobal
